
Microsoft Visual Studio Solution File, Format Version 12.00
# Visual Studio 15
VisualStudioVersion = 15.0.28307.572
MinimumVisualStudioVersion = 10.0.40219.1
Project("{FAE04EC0-301F-11D3-BF4B-00C04F79EFBC}") = "FundamentalsOfCsharp-Test2", "FundamentalsOfCsharp-Test2\FundamentalsOfCsharp-Test2.csproj", "{F624FFDE-22E4-4990-A3BC-EC92EB2CFB71}"
EndProject
Global
	GlobalSection(SolutionConfigurationPlatforms) = preSolution
		Debug|Any CPU = Debug|Any CPU
		Release|Any CPU = Release|Any CPU
	EndGlobalSection
	GlobalSection(ProjectConfigurationPlatforms) = postSolution
		{F624FFDE-22E4-4990-A3BC-EC92EB2CFB71}.Debug|Any CPU.ActiveCfg = Debug|Any CPU
		{F624FFDE-22E4-4990-A3BC-EC92EB2CFB71}.Debug|Any CPU.Build.0 = Debug|Any CPU
		{F624FFDE-22E4-4990-A3BC-EC92EB2CFB71}.Release|Any CPU.ActiveCfg = Release|Any CPU
		{F624FFDE-22E4-4990-A3BC-EC92EB2CFB71}.Release|Any CPU.Build.0 = Release|Any CPU
	EndGlobalSection
	GlobalSection(SolutionProperties) = preSolution
		HideSolutionNode = FALSE
	EndGlobalSection
	GlobalSection(ExtensibilityGlobals) = postSolution
		SolutionGuid = {965C6F95-C527-4DB6-AC8B-FB48842F80FB}
	EndGlobalSection
EndGlobal
